<?xml version="1.0" encoding="utf-8"?>
<Project ToolsVersion="4.0" xmlns="http://schemas.microsoft.com/developer/msbuild/2003">
  <ItemGroup>
    <Filter Include="Source Files">
      <UniqueIdentifier>{4FC737F1-C7A5-4376-A066-2A32D752A2FF}</UniqueIdentifier>
      <Extensions>cpp;c;cc;cxx;def;odl;idl;hpj;bat;asm;asmx</Extensions>
    </Filter>
    <Filter Include="Header Files">
      <UniqueIdentifier>{93995380-89BD-4b04-88EB-625FBE52EBFB}</UniqueIdentifier>
      <Extensions>h;hpp;hxx;hm;inl;inc;xsd</Extensions>
    </Filter>
    <Filter Include="Resource Files">
      <UniqueIdentifier>{67DA6AB6-F800-4c08-8B7A-83BB121AAD01}</UniqueIdentifier>
      <Extensions>rc;ico;cur;bmp;dlg;rc2;rct;bin;rgs;gif;jpg;jpeg;jpe;resx;tiff;tif;png;wav;mfcribbon-ms</Extensions>
    </Filter>
  </ItemGroup>
  <ItemGroup>
    <ClCompile Include="Skeleton.cpp">
      <Filter>Source Files</Filter>
    </ClCompile>
    <ClCompile Include="framework.cpp">
      <Filter>Source Files</Filter>
    </ClCompile>
    <ClCompile Include="ImGui\imgui_loader.cpp">
      <Filter>Source Files</Filter>
    </ClCompile>
    <ClCompile Include="ImGui\imgui_tables.cpp">
      <Filter>Source Files</Filter>
    </ClCompile>
    <ClCompile Include="ImGui\imgui_widgets.cpp">
      <Filter>Source Files</Filter>
    </ClCompile>
    <ClCompile Include="ImGui\imgui.cpp">
      <Filter>Source Files</Filter>
    </ClCompile>
    <ClCompile Include="ImGui\imgui_demo.cpp">
      <Filter>Source Files</Filter>
    </ClCompile>
    <ClCompile Include="ImGui\imgui_draw.cpp">
      <Filter>Source Files</Filter>
    </ClCompile>
    <ClCompile Include="ImGui\imgui_impl_glut.cpp">
      <Filter>Source Files</Filter>
    </ClCompile>
    <ClCompile Include="ImGui\imgui_impl_opengl3.cpp">
      <Filter>Source Files</Filter>
    </ClCompile>
    <ClCompile Include="Editable\editable.cpp">
      <Filter>Source Files</Filter>
    </ClCompile>
    <ClCompile Include="ui\header\header.cpp">
      <Filter>Source Files</Filter>
    </ClCompile>
    <ClCompile Include="System\system.cpp">
      <Filter>Source Files</Filter>
    </ClCompile>
    <ClCompile Include="Layout\layout.cpp">
      <Filter>Source Files</Filter>
    </ClCompile>
    <ClCompile Include="Camera\camera.cpp">
      <Filter>Source Files</Filter>
    </ClCompile>
    <ClCompile Include="ui\uv_editor\uv_editor.cpp">
      <Filter>Source Files</Filter>
    </ClCompile>
    <ClCompile Include="TextureLoader\texture_loader.cpp">
      <Filter>Source Files</Filter>
    </ClCompile>
    <ClCompile Include="TextureLoader\stb_image.cpp">
      <Filter>Source Files</Filter>
    </ClCompile>
    <ClCompile Include="Grid\grid.cpp">
      <Filter>Source Files</Filter>
    </ClCompile>
    <ClCompile Include="OrientationIcon\orientation_icon.cpp">
      <Filter>Source Files</Filter>
    </ClCompile>
    <ClCompile Include="ui\object_local\object_local_list.cpp">
      <Filter>Source Files</Filter>
    </ClCompile>
    <ClCompile Include="Axis\axis.cpp">
      <Filter>Source Files</Filter>
    </ClCompile>
    <ClCompile Include="Quaternion\quaternion.cpp">
      <Filter>Source Files</Filter>
    </ClCompile>
    <ClCompile Include="Rollback\rollback.cpp">
      <Filter>Source Files</Filter>
    </ClCompile>
    <ClCompile Include="Rollback\rollback_classes\rollback_orientation_object.cpp">
      <Filter>Source Files</Filter>
    </ClCompile>
    <ClCompile Include="Rollback\rollback_classes\rollback_orientation_vertex.cpp">
      <Filter>Source Files</Filter>
    </ClCompile>
    <ClCompile Include="Rollback\rollback_classes\rollback_delete_object.cpp">
      <Filter>Source Files</Filter>
    </ClCompile>
    <ClCompile Include="Rollback\rollback_classes\rollback_add_object.cpp">
      <Filter>Source Files</Filter>
    </ClCompile>
    <ClCompile Include="Rollback\rollback_classes\rollback_composite.cpp">
      <Filter>Source Files</Filter>
    </ClCompile>
    <ClCompile Include="Rollback\rollback_classes\rollback_parent_change.cpp">
      <Filter>Source Files</Filter>
    </ClCompile>
    <ClCompile Include="Export\export.cpp">
      <Filter>Source Files</Filter>
    </ClCompile>
  </ItemGroup>
  <ItemGroup>
    <ClInclude Include="framework.h">
      <Filter>Header Files</Filter>
    </ClInclude>
    <ClInclude Include="ImGui\imgui_loader.h">
      <Filter>Header Files</Filter>
    </ClInclude>
    <ClInclude Include="ImGui\imstb_rectpack.h">
      <Filter>Header Files</Filter>
    </ClInclude>
    <ClInclude Include="ImGui\imstb_textedit.h">
      <Filter>Header Files</Filter>
    </ClInclude>
    <ClInclude Include="ImGui\imstb_truetype.h">
      <Filter>Header Files</Filter>
    </ClInclude>
    <ClInclude Include="ImGui\imconfig.h">
      <Filter>Header Files</Filter>
    </ClInclude>
    <ClInclude Include="ImGui\imgui.h">
      <Filter>Header Files</Filter>
    </ClInclude>
    <ClInclude Include="ImGui\imgui_impl_glut.h">
      <Filter>Header Files</Filter>
    </ClInclude>
    <ClInclude Include="ImGui\imgui_impl_opengl3.h">
      <Filter>Header Files</Filter>
    </ClInclude>
    <ClInclude Include="ImGui\imgui_impl_opengl3_loader.h">
      <Filter>Header Files</Filter>
    </ClInclude>
    <ClInclude Include="ImGui\imgui_internal.h">
      <Filter>Header Files</Filter>
    </ClInclude>
    <ClInclude Include="Editable\editable.h">
      <Filter>Header Files</Filter>
    </ClInclude>
    <ClInclude Include="ui\header\header.h">
      <Filter>Header Files</Filter>
    </ClInclude>
    <ClInclude Include="System\system.h">
      <Filter>Header Files</Filter>
    </ClInclude>
    <ClInclude Include="Layout\layout.h">
      <Filter>Header Files</Filter>
    </ClInclude>
    <ClInclude Include="Camera\camera.h">
      <Filter>Header Files</Filter>
    </ClInclude>
    <ClInclude Include="ui\uv_editor\uv_editor.h">
      <Filter>Header Files</Filter>
    </ClInclude>
    <ClInclude Include="TextureLoader\texture_loader.h">
      <Filter>Header Files</Filter>
    </ClInclude>
    <ClInclude Include="TextureLoader\stb_image.h">
      <Filter>Header Files</Filter>
    </ClInclude>
    <ClInclude Include="Grid\grid.h">
      <Filter>Header Files</Filter>
    </ClInclude>
    <ClInclude Include="OrientationIcon\orientation_icon.h">
      <Filter>Header Files</Filter>
    </ClInclude>
    <ClInclude Include="ui\object_local\object_local_list.h">
      <Filter>Header Files</Filter>
    </ClInclude>
    <ClInclude Include="Axis\axis.h">
      <Filter>Header Files</Filter>
    </ClInclude>
    <ClInclude Include="Quaternion\quaternion.h">
      <Filter>Header Files</Filter>
    </ClInclude>
    <ClInclude Include="Rollback\rollback.h">
      <Filter>Header Files</Filter>
    </ClInclude>
    <ClInclude Include="Export\export.h">
      <Filter>Header Files</Filter>
    </ClInclude>
  </ItemGroup>
  <ItemGroup>
    <None Include="assets\shaders\render3D\shader_3d.vag" />
    <None Include="assets\shaders\render3D\shader_3d.fag" />
    <None Include="assets\shaders\render2D\shader_2d.vag" />
    <None Include="assets\shaders\render2D\shader_2d.fag" />
    <None Include="assets\shaders\render2D\shader_2d_rectangle.vag" />
    <None Include="assets\shaders\render2D\shader_2d_rectangle.fag" />
    <None Include="assets\shaders\grid\shader_grid.vag" />
    <None Include="assets\shaders\grid\shader_grid.fag" />
    <None Include="assets\shaders\grid\shader_grid_2.vag" />
    <None Include="assets\shaders\render3D\shader_3d.gag" />
    <None Include="assets\shaders\render3D\shader_3d_unlit.fag" />
    <None Include="assets\shaders\render3D\shader_3d_unlit.vag" />
    <None Include="assets\shaders\grid\shader_grid_axis.vag" />
    <None Include="assets\shaders\orientation\shader_orientation.vag" />
    <None Include="assets\shaders\orientation\shader_orientation.fag" />
    <None Include="assets\shaders\axis\shader_axis.vag" />
    <None Include="assets\shaders\axis\shader_axis.fag" />
    <None Include="assets\shaders\render3D\normal\shader_3d_normal.gag" />
    <None Include="assets\shaders\render3D\normal\shader_3d_normal.vag" />
    <None Include="assets\shaders\render3D\normal\shader_3d_normal.fag" />
  </ItemGroup>
</Project>